// !$*UTF8*$!
{
	archiveVersion = 1;
	classes = {
	};
	objectVersion = 48;
	objects = {

/* Begin PBXBuildFile section */
		D9806D111F97352E00B4EC2D /* AppDelegate.m in Sources */ = {isa = PBXBuildFile; fileRef = D9806D101F97352E00B4EC2D /* AppDelegate.m */; };
		D9806D141F97352E00B4EC2D /* ViewController.m in Sources */ = {isa = PBXBuildFile; fileRef = D9806D131F97352E00B4EC2D /* ViewController.m */; };
		D9806D171F97352E00B4EC2D /* Main.storyboard in Resources */ = {isa = PBXBuildFile; fileRef = D9806D151F97352E00B4EC2D /* Main.storyboard */; };
		D9806D191F97352E00B4EC2D /* Assets.xcassets in Resources */ = {isa = PBXBuildFile; fileRef = D9806D181F97352E00B4EC2D /* Assets.xcassets */; };
		D9806D1C1F97352E00B4EC2D /* LaunchScreen.storyboard in Resources */ = {isa = PBXBuildFile; fileRef = D9806D1A1F97352E00B4EC2D /* LaunchScreen.storyboard */; };
		D9806D1F1F97352E00B4EC2D /* main.m in Sources */ = {isa = PBXBuildFile; fileRef = D9806D1E1F97352E00B4EC2D /* main.m */; };
		D9806D281F97362500B4EC2D /* UIButton+CQBlock.m in Sources */ = {isa = PBXBuildFile; fileRef = D9806D271F97362500B4EC2D /* UIButton+CQBlock.m */; };
		D9806D2B1F97383800B4EC2D /* SecondViewController.m in Sources */ = {isa = PBXBuildFile; fileRef = D9806D2A1F97383800B4EC2D /* SecondViewController.m */; };
		D9806D331F974ABB00B4EC2D /* UIView+CQBlock.m in Sources */ = {isa = PBXBuildFile; fileRef = D9806D321F974ABB00B4EC2D /* UIView+CQBlock.m */; };
/* End PBXBuildFile section */

/* Begin PBXFileReference section */
		D9806D0C1F97352E00B4EC2D /* CQKit.app */ = {isa = PBXFileReference; explicitFileType = wrapper.application; includeInIndex = 0; path = CQKit.app; sourceTree = BUILT_PRODUCTS_DIR; };
		D9806D0F1F97352E00B4EC2D /* AppDelegate.h */ = {isa = PBXFileReference; lastKnownFileType = sourcecode.c.h; path = AppDelegate.h; sourceTree = "<group>"; };
		D9806D101F97352E00B4EC2D /* AppDelegate.m */ = {isa = PBXFileReference; lastKnownFileType = sourcecode.c.objc; path = AppDelegate.m; sourceTree = "<group>"; };
		D9806D121F97352E00B4EC2D /* ViewController.h */ = {isa = PBXFileReference; lastKnownFileType = sourcecode.c.h; path = ViewController.h; sourceTree = "<group>"; };
		D9806D131F97352E00B4EC2D /* ViewController.m */ = {isa = PBXFileReference; lastKnownFileType = sourcecode.c.objc; path = ViewController.m; sourceTree = "<group>"; };
		D9806D161F97352E00B4EC2D /* Base */ = {isa = PBXFileReference; lastKnownFileType = file.storyboard; name = Base; path = Base.lproj/Main.storyboard; sourceTree = "<group>"; };
		D9806D181F97352E00B4EC2D /* Assets.xcassets */ = {isa = PBXFileReference; lastKnownFileType = folder.assetcatalog; path = Assets.xcassets; sourceTree = "<group>"; };
		D9806D1B1F97352E00B4EC2D /* Base */ = {isa = PBXFileReference; lastKnownFileType = file.storyboard; name = Base; path = Base.lproj/LaunchScreen.storyboard; sourceTree = "<group>"; };
		D9806D1D1F97352E00B4EC2D /* Info.plist */ = {isa = PBXFileReference; lastKnownFileType = text.plist.xml; path = Info.plist; sourceTree = "<group>"; };
		D9806D1E1F97352E00B4EC2D /* main.m */ = {isa = PBXFileReference; lastKnownFileType = sourcecode.c.objc; path = main.m; sourceTree = "<group>"; };
		D9806D261F97362500B4EC2D /* UIButton+CQBlock.h */ = {isa = PBXFileReference; lastKnownFileType = sourcecode.c.h; path = "UIButton+CQBlock.h"; sourceTree = "<group>"; };
		D9806D271F97362500B4EC2D /* UIButton+CQBlock.m */ = {isa = PBXFileReference; lastKnownFileType = sourcecode.c.objc; path = "UIButton+CQBlock.m"; sourceTree = "<group>"; };
		D9806D291F97383800B4EC2D /* SecondViewController.h */ = {isa = PBXFileReference; lastKnownFileType = sourcecode.c.h; path = SecondViewController.h; sourceTree = "<group>"; };
		D9806D2A1F97383800B4EC2D /* SecondViewController.m */ = {isa = PBXFileReference; lastKnownFileType = sourcecode.c.objc; path = SecondViewController.m; sourceTree = "<group>"; };
		D9806D311F974ABB00B4EC2D /* UIView+CQBlock.h */ = {isa = PBXFileReference; lastKnownFileType = sourcecode.c.h; path = "UIView+CQBlock.h"; sourceTree = "<group>"; };
		D9806D321F974ABB00B4EC2D /* UIView+CQBlock.m */ = {isa = PBXFileReference; lastKnownFileType = sourcecode.c.objc; path = "UIView+CQBlock.m"; sourceTree = "<group>"; };
/* End PBXFileReference section */

/* Begin PBXFrameworksBuildPhase section */
		D9806D091F97352E00B4EC2D /* Frameworks */ = {
			isa = PBXFrameworksBuildPhase;
			buildActionMask = 2147483647;
			files = (
			);
			runOnlyForDeploymentPostprocessing = 0;
		};
/* End PBXFrameworksBuildPhase section */

/* Begin PBXGroup section */
		D9806D031F97352E00B4EC2D = {
			isa = PBXGroup;
			children = (
				D9806D0E1F97352E00B4EC2D /* CQKit */,
				D9806D0D1F97352E00B4EC2D /* Products */,
			);
			sourceTree = "<group>";
		};
		D9806D0D1F97352E00B4EC2D /* Products */ = {
			isa = PBXGroup;
			children = (
				D9806D0C1F97352E00B4EC2D /* CQKit.app */,
			);
			name = Products;
			sourceTree = "<group>";
		};
		D9806D0E1F97352E00B4EC2D /* CQKit */ = {
			isa = PBXGroup;
			children = (
				D9806D251F97357C00B4EC2D /* BlockButton */,
				D9806D301F97485600B4EC2D /* BlockView */,
				D9806D0F1F97352E00B4EC2D /* AppDelegate.h */,
				D9806D101F97352E00B4EC2D /* AppDelegate.m */,
				D9806D121F97352E00B4EC2D /* ViewController.h */,
				D9806D131F97352E00B4EC2D /* ViewController.m */,
				D9806D291F97383800B4EC2D /* SecondViewController.h */,
				D9806D2A1F97383800B4EC2D /* SecondViewController.m */,
				D9806D151F97352E00B4EC2D /* Main.storyboard */,
				D9806D181F97352E00B4EC2D /* Assets.xcassets */,
				D9806D1A1F97352E00B4EC2D /* LaunchScreen.storyboard */,
				D9806D1D1F97352E00B4EC2D /* Info.plist */,
				D9806D1E1F97352E00B4EC2D /* main.m */,
			);
			path = CQKit;
			sourceTree = "<group>";
		};
		D9806D251F97357C00B4EC2D /* BlockButton */ = {
			isa = PBXGroup;
			children = (
				D9806D261F97362500B4EC2D /* UIButton+CQBlock.h */,
				D9806D271F97362500B4EC2D /* UIButton+CQBlock.m */,
			);
			path = BlockButton;
			sourceTree = "<group>";
		};
		D9806D301F97485600B4EC2D /* BlockView */ = {
			isa = PBXGroup;
			children = (
				D9806D311F974ABB00B4EC2D /* UIView+CQBlock.h */,
				D9806D321F974ABB00B4EC2D /* UIView+CQBlock.m */,
			);
			path = BlockView;
			sourceTree = "<group>";
		};
/* End PBXGroup section */

/* Begin PBXNativeTarget section */
		D9806D0B1F97352E00B4EC2D /* CQKit */ = {
			isa = PBXNativeTarget;
			buildConfigurationList = D9806D221F97352E00B4EC2D /* Build configuration list for PBXNativeTarget "CQKit" */;
			buildPhases = (
				D9806D081F97352E00B4EC2D /* Sources */,
				D9806D091F97352E00B4EC2D /* Frameworks */,
				D9806D0A1F97352E00B4EC2D /* Resources */,
			);
			buildRules = (
			);
			dependencies = (
			);
			name = CQKit;
			productName = CQKit;
			productReference = D9806D0C1F97352E00B4EC2D /* CQKit.app */;
			productType = "com.apple.product-type.application";
		};
/* End PBXNativeTarget section */

/* Begin PBXProject section */
		D9806D041F97352E00B4EC2D /* Project object */ = {
			isa = PBXProject;
			attributes = {
				LastUpgradeCheck = 0900;
				ORGANIZATIONNAME = kuaijiankang;
				TargetAttributes = {
					D9806D0B1F97352E00B4EC2D = {
						CreatedOnToolsVersion = 9.0;
						ProvisioningStyle = Automatic;
					};
				};
			};
			buildConfigurationList = D9806D071F97352E00B4EC2D /* Build configuration list for PBXProject "CQKit" */;
			compatibilityVersion = "Xcode 8.0";
			developmentRegion = en;
			hasScannedForEncodings = 0;
			knownRegions = (
				en,
				Base,
			);
			mainGroup = D9806D031F97352E00B4EC2D;
			productRefGroup = D9806D0D1F97352E00B4EC2D /* Products */;
			projectDirPath = "";
			projectRoot = "";
			targets = (
				D9806D0B1F97352E00B4EC2D /* CQKit */,
			);
		};
/* End PBXProject section */

/* Begin PBXResourcesBuildPhase section */
		D9806D0A1F97352E00B4EC2D /* Resources */ = {
			isa = PBXResourcesBuildPhase;
			buildActionMask = 2147483647;
			files = (
				D9806D1C1F97352E00B4EC2D /* LaunchScreen.storyboard in Resources */,
				D9806D191F97352E00B4EC2D /* Assets.xcassets in Resources */,
				D9806D171F97352E00B4EC2D /* Main.storyboard in Resources */,
			);
			runOnlyForDeploymentPostprocessing = 0;
		};
/* End PBXResourcesBuildPhase section */

/* Begin PBXSourcesBuildPhase section */
		D9806D081F97352E00B4EC2D /* Sources */ = {
			isa = PBXSourcesBuildPhase;
			buildActionMask = 2147483647;
			files = (
				D9806D331F974ABB00B4EC2D /* UIView+CQBlock.m in Sources */,
				D9806D2B1F97383800B4EC2D /* SecondViewController.m in Sources */,
				D9806D141F97352E00B4EC2D /* ViewController.m in Sources */,
				D9806D281F97362500B4EC2D /* UIButton+CQBlock.m in Sources */,
				D9806D1F1F97352E00B4EC2D /* main.m in Sources */,
				D9806D111F97352E00B4EC2D /* AppDelegate.m in Sources */,
			);
			runOnlyForDeploymentPostprocessing = 0;
		};
/* End PBXSourcesBuildPhase section */

/* Begin PBXVariantGroup section */
		D9806D151F97352E00B4EC2D /* Main.storyboard */ = {
			isa = PBXVariantGroup;
			children = (
				D9806D161F97352E00B4EC2D /* Base */,
			);
			name = Main.storyboard;
			sourceTree = "<group>";
		};
		D9806D1A1F97352E00B4EC2D /* LaunchScreen.storyboard */ = {
			isa = PBXVariantGroup;
			children = (
				D9806D1B1F97352E00B4EC2D /* Base */,
			);
			name = LaunchScreen.storyboard;
			sourceTree = "<group>";
		};
/* End PBXVariantGroup section */

/* Begin XCBuildConfiguration section */
		D9806D201F97352E00B4EC2D /* Debug */ = {
			isa = XCBuildConfiguration;
			buildSettings = {
				ALWAYS_SEARCH_USER_PATHS = NO;
				CLANG_ANALYZER_NONNULL = YES;
				CLANG_ANALYZER_NUMBER_OBJECT_CONVERSION = YES_AGGRESSIVE;
				CLANG_CXX_LANGUAGE_STANDARD = "gnu++14";
				CLANG_CXX_LIBRARY = "libc++";
				CLANG_ENABLE_MODULES = YES;
				CLANG_ENABLE_OBJC_ARC = YES;
				CLANG_WARN_BLOCK_CAPTURE_AUTORELEASING = YES;
				CLANG_WARN_BOOL_CONVERSION = YES;
				CLANG_WARN_COMMA = YES;
				CLANG_WARN_CONSTANT_CONVERSION = YES;
				CLANG_WARN_DIRECT_OBJC_ISA_USAGE = YES_ERROR;
				CLANG_WARN_DOCUMENTATION_COMMENTS = YES;
				CLANG_WARN_EMPTY_BODY = YES;
				CLANG_WARN_ENUM_CONVERSION = YES;
				CLANG_WARN_INFINITE_RECURSION = YES;
				CLANG_WARN_INT_CONVERSION = YES;
				CLANG_WARN_NON_LITERAL_NULL_CONVERSION = YES;
				CLANG_WARN_OBJC_LITERAL_CONVERSION = YES;
				CLANG_WARN_OBJC_ROOT_CLASS = YES_ERROR;
				CLANG_WARN_RANGE_LOOP_ANALYSIS = YES;
				CLANG_WARN_STRICT_PROTOTYPES = YES;
				CLANG_WARN_SUSPICIOUS_MOVE = YES;
				CLANG_WARN_UNGUARDED_AVAILABILITY = YES_AGGRESSIVE;
				CLANG_WARN_UNREACHABLE_CODE = YES;
				CLANG_WARN__DUPLICATE_METHOD_MATCH = YES;
				CODE_SIGN_IDENTITY = "iPhone Developer";
				COPY_PHASE_STRIP = NO;
				DEBUG_INFORMATION_FORMAT = dwarf;
				ENABLE_STRICT_OBJC_MSGSEND = YES;
				ENABLE_TESTABILITY = YES;
				GCC_C_LANGUAGE_STANDARD = gnu11;
				GCC_DYNAMIC_NO_PIC = NO;
				GCC_NO_COMMON_BLOCKS = YES;
				GCC_OPTIMIZATION_LEVEL = 0;
				GCC_PREPROCESSOR_DEFINITIONS = (
					"DEBUG=1",
					"$(inherited)",
				);
				GCC_WARN_64_TO_32_BIT_CONVERSION = YES;
				GCC_WARN_ABOUT_RETURN_TYPE = YES_ERROR;
				GCC_WARN_UNDECLARED_SELECTOR = YES;
				GCC_WARN_UNINITIALIZED_AUTOS = YES_AGGRESSIVE;
				GCC_WARN_UNUSED_FUNCTION = YES;
				GCC_WARN_UNUSED_VARIABLE = YES;
				IPHONEOS_DEPLOYMENT_TARGET = 11.0;
				MTL_ENABLE_DEBUG_INFO = YES;
				ONLY_ACTIVE_ARCH = YES;
				SDKROOT = iphoneos;
			};
			name = Debug;
		};
		D9806D211F97352E00B4EC2D /* Release */ = {
			isa = XCBuildConfiguration;
			buildSettings = {
				ALWAYS_SEARCH_USER_PATHS = NO;
				CLANG_ANALYZER_NONNULL = YES;
				CLANG_ANALYZER_NUMBER_OBJECT_CONVERSION = YES_AGGRESSIVE;
				CLANG_CXX_LANGUAGE_STANDARD = "gnu++14";
				CLANG_CXX_LIBRARY = "libc++";
				CLANG_ENABLE_MODULES = YES;
				CLANG_ENABLE_OBJC_ARC = YES;
				CLANG_WARN_BLOCK_CAPTURE_AUTORELEASING = YES;
				CLANG_WARN_BOOL_CONVERSION = YES;
				CLANG_WARN_COMMA = YES;
				CLANG_WARN_CONSTANT_CONVERSION = YES;
				CLANG_WARN_DIRECT_OBJC_ISA_USAGE = YES_ERROR;
				CLANG_WARN_DOCUMENTATION_COMMENTS = YES;
				CLANG_WARN_EMPTY_BODY = YES;
				CLANG_WARN_ENUM_CONVERSION = YES;
				CLANG_WARN_INFINITE_RECURSION = YES;
				CLANG_WARN_INT_CONVERSION = YES;
				CLANG_WARN_NON_LITERAL_NULL_CONVERSION = YES;
				CLANG_WARN_OBJC_LITERAL_CONVERSION = YES;
				CLANG_WARN_OBJC_ROOT_CLASS = YES_ERROR;
				CLANG_WARN_RANGE_LOOP_ANALYSIS = YES;
				CLANG_WARN_STRICT_PROTOTYPES = YES;
				CLANG_WARN_SUSPICIOUS_MOVE = YES;
				CLANG_WARN_UNGUARDED_AVAILABILITY = YES_AGGRESSIVE;
				CLANG_WARN_UNREACHABLE_CODE = YES;
				CLANG_WARN__DUPLICATE_METHOD_MATCH = YES;
				CODE_SIGN_IDENTITY = "iPhone Developer";
				COPY_PHASE_STRIP = NO;
				DEBUG_INFORMATION_FORMAT = "dwarf-with-dsym";
				ENABLE_NS_ASSERTIONS = NO;
				ENABLE_STRICT_OBJC_MSGSEND = YES;
				GCC_C_LANGUAGE_STANDARD = gnu11;
				GCC_NO_COMMON_BLOCKS = YES;
				GCC_WARN_64_TO_32_BIT_CONVERSION = YES;
				GCC_WARN_ABOUT_RETURN_TYPE = YES_ERROR;
				GCC_WARN_UNDECLARED_SELECTOR = YES;
				GCC_WARN_UNINITIALIZED_AUTOS = YES_AGGRESSIVE;
				GCC_WARN_UNUSED_FUNCTION = YES;
				GCC_WARN_UNUSED_VARIABLE = YES;
				IPHONEOS_DEPLOYMENT_TARGET = 11.0;
				MTL_ENABLE_DEBUG_INFO = NO;
				SDKROOT = iphoneos;
				VALIDATE_PRODUCT = YES;
			};
			name = Release;
		};
		D9806D231F97352E00B4EC2D /* Debug */ = {
			isa = XCBuildConfiguration;
			buildSettings = {
				ASSETCATALOG_COMPILER_APPICON_NAME = AppIcon;
				CODE_SIGN_STYLE = Automatic;
				DEVELOPMENT_TEAM = 4J5JWPJ294;
				INFOPLIST_FILE = CQKit/Info.plist;
				LD_RUNPATH_SEARCH_PATHS = "$(inherited) @executable_path/Frameworks";
				PRODUCT_BUNDLE_IDENTIFIER = KuaiJianKang.CQKit;
				PRODUCT_NAME = "$(TARGET_NAME)";
				TARGETED_DEVICE_FAMILY = "1,2";
			};
			name = Debug;
		};
		D9806D241F97352E00B4EC2D /* Release */ = {
			isa = XCBuildConfiguration;
			buildSettings = {
				ASSETCATALOG_COMPILER_APPICON_NAME = AppIcon;
				CODE_SIGN_STYLE = Automatic;
				DEVELOPMENT_TEAM = 4J5JWPJ294;
				INFOPLIST_FILE = CQKit/Info.plist;
				LD_RUNPATH_SEARCH_PATHS = "$(inherited) @executable_path/Frameworks";
				PRODUCT_BUNDLE_IDENTIFIER = KuaiJianKang.CQKit;
				PRODUCT_NAME = "$(TARGET_NAME)";
				TARGETED_DEVICE_FAMILY = "1,2";
			};
			name = Release;
		};
/* End XCBuildConfiguration section */

/* Begin XCConfigurationList section */
		D9806D071F97352E00B4EC2D /* Build configuration list for PBXProject "CQKit" */ = {
			isa = XCConfigurationList;
			buildConfigurations = (
				D9806D201F97352E00B4EC2D /* Debug */,
				D9806D211F97352E00B4EC2D /* Release */,
			);
			defaultConfigurationIsVisible = 0;
			defaultConfigurationName = Release;
		};
		D9806D221F97352E00B4EC2D /* Build configuration list for PBXNativeTarget "CQKit" */ = {
			isa = XCConfigurationList;
			buildConfigurations = (
				D9806D231F97352E00B4EC2D /* Debug */,
				D9806D241F97352E00B4EC2D /* Release */,
			);
			defaultConfigurationIsVisible = 0;
			defaultConfigurationName = Release;
		};
/* End XCConfigurationList section */
	};
	rootObject = D9806D041F97352E00B4EC2D /* Project object */;
}
